<?xml version="1.0" encoding="utf-8"?>
<Project ToolsVersion="4.0" xmlns="http://schemas.microsoft.com/developer/msbuild/2003">
  <ItemGroup>
    <Filter Include="Source Files">
      <UniqueIdentifier>{4FC737F1-C7A5-4376-A066-2A32D752A2FF}</UniqueIdentifier>
      <Extensions>cpp;c;cc;cxx;def;odl;idl;hpj;bat;asm;asmx</Extensions>
    </Filter>
    <Filter Include="Header Files">
      <UniqueIdentifier>{93995380-89BD-4b04-88EB-625FBE52EBFB}</UniqueIdentifier>
      <Extensions>h;hpp;hxx;hm;inl;inc;xsd</Extensions>
    </Filter>
    <Filter Include="Resource Files">
      <UniqueIdentifier>{67DA6AB6-F800-4c08-8B7A-83BB121AAD01}</UniqueIdentifier>
      <Extensions>rc;ico;cur;bmp;dlg;rc2;rct;bin;rgs;gif;jpg;jpeg;jpe;resx;tiff;tif;png;wav</Extensions>
    </Filter>
  </ItemGroup>
  <ItemGroup>
    <ClCompile Include="CCloak.cpp">
      <Filter>Source Files</Filter>
    </ClCompile>
    <ClCompile Include="controlfp.cpp">
      <Filter>Source Files</Filter>
    </ClCompile>
    <ClCompile Include="h47.cpp">
      <Filter>Source Files</Filter>
    </ClCompile>
    <ClCompile Include="hAim.cpp">
      <Filter>Source Files</Filter>
    </ClCompile>
    <ClCompile Include="hAntiPB.cpp">
      <Filter>Source Files</Filter>
    </ClCompile>
    <ClCompile Include="hAntiUAC.cpp">
      <Filter>Source Files</Filter>
    </ClCompile>
    <ClCompile Include="hAPI.cpp">
      <Filter>Source Files</Filter>
    </ClCompile>
    <ClCompile Include="hAutoWall.cpp">
      <Filter>Source Files</Filter>
    </ClCompile>
    <ClCompile Include="hBot.cpp">
      <Filter>Source Files</Filter>
    </ClCompile>
    <ClCompile Include="hChams.cpp">
      <Filter>Source Files</Filter>
    </ClCompile>
    <ClCompile Include="hClasses.cpp">
      <Filter>Source Files</Filter>
    </ClCompile>
    <ClCompile Include="hConfig.cpp">
      <Filter>Source Files</Filter>
    </ClCompile>
    <ClCompile Include="hCrypt.cpp">
      <Filter>Source Files</Filter>
    </ClCompile>
    <ClCompile Include="hCustomCam.cpp">
      <Filter>Source Files</Filter>
    </ClCompile>
    <ClCompile Include="hData.cpp">
      <Filter>Source Files</Filter>
    </ClCompile>
    <ClCompile Include="hDebug.cpp">
      <Filter>Source Files</Filter>
    </ClCompile>
    <ClCompile Include="hDetour.cpp">
      <Filter>Source Files</Filter>
    </ClCompile>
    <ClCompile Include="hEsp.cpp">
      <Filter>Source Files</Filter>
    </ClCompile>
    <ClCompile Include="hFunctions.cpp">
      <Filter>Source Files</Filter>
    </ClCompile>
    <ClCompile Include="hLog.cpp">
      <Filter>Source Files</Filter>
    </ClCompile>
    <ClCompile Include="hMain.cpp">
      <Filter>Source Files</Filter>
    </ClCompile>
    <ClCompile Include="hNewCore.cpp">
      <Filter>Source Files</Filter>
    </ClCompile>
    <ClCompile Include="hObituary.cpp">
      <Filter>Source Files</Filter>
    </ClCompile>
    <ClCompile Include="hRadar.cpp">
      <Filter>Source Files</Filter>
    </ClCompile>
    <ClCompile Include="hRegistry.cpp">
      <Filter>Source Files</Filter>
    </ClCompile>
    <ClCompile Include="hTactics.cpp">
      <Filter>Source Files</Filter>
    </ClCompile>
    <ClCompile Include="xde.cpp">
      <Filter>Source Files</Filter>
    </ClCompile>
    <ClCompile Include="hSorbet.cpp">
      <Filter>Source Files</Filter>
    </ClCompile>
    <ClCompile Include="hPrediction.cpp">
      <Filter>Source Files</Filter>
    </ClCompile>
    <ClCompile Include="dbc.cpp">
      <Filter>Source Files</Filter>
    </ClCompile>
    <ClCompile Include="drng.cpp">
      <Filter>Source Files</Filter>
    </ClCompile>
    <ClCompile Include="dsc.cpp">
      <Filter>Source Files</Filter>
    </ClCompile>
    <ClCompile Include="WELL44497a_new.cpp">
      <Filter>Source Files</Filter>
    </ClCompile>
    <ClCompile Include="KeccakF-1600-opt32.cpp">
      <Filter>Source Files</Filter>
    </ClCompile>
    <ClCompile Include="d3d9.cpp">
      <Filter>Source Files</Filter>
    </ClCompile>
    <ClCompile Include="d3d9int.cpp">
      <Filter>Source Files</Filter>
    </ClCompile>
    <ClCompile Include="d3d9tex.cpp">
      <Filter>Source Files</Filter>
    </ClCompile>
    <ClCompile Include="d3d9dev.cpp">
      <Filter>Source Files</Filter>
    </ClCompile>
  </ItemGroup>
  <ItemGroup>
    <Object Include="Tzar.obj">
      <Filter>Source Files</Filter>
    </Object>
  </ItemGroup>
  <ItemGroup>
    <ClInclude Include="Includes\basic_types.h">
      <Filter>Header Files</Filter>
    </ClInclude>
    <ClInclude Include="CCloak.h">
      <Filter>Header Files</Filter>
    </ClInclude>
    <ClInclude Include="controlfp.h">
      <Filter>Header Files</Filter>
    </ClInclude>
    <ClInclude Include="CPE.h">
      <Filter>Header Files</Filter>
    </ClInclude>
    <ClInclude Include="Includes\export.h">
      <Filter>Header Files</Filter>
    </ClInclude>
    <ClInclude Include="gmp.h">
      <Filter>Header Files</Filter>
    </ClInclude>
    <ClInclude Include="h47.h">
      <Filter>Header Files</Filter>
    </ClInclude>
    <ClInclude Include="hAim.h">
      <Filter>Header Files</Filter>
    </ClInclude>
    <ClInclude Include="hAntiPB.h">
      <Filter>Header Files</Filter>
    </ClInclude>
    <ClInclude Include="hAntiUAC.h">
      <Filter>Header Files</Filter>
    </ClInclude>
    <ClInclude Include="hAPI.h">
      <Filter>Header Files</Filter>
    </ClInclude>
    <ClInclude Include="hAutoWall.h">
      <Filter>Header Files</Filter>
    </ClInclude>
    <ClInclude Include="hBot.h">
      <Filter>Header Files</Filter>
    </ClInclude>
    <ClInclude Include="hChams.h">
      <Filter>Header Files</Filter>
    </ClInclude>
    <ClInclude Include="hClasses.h">
      <Filter>Header Files</Filter>
    </ClInclude>
    <ClInclude Include="hConfig.h">
      <Filter>Header Files</Filter>
    </ClInclude>
    <ClInclude Include="hCrosshair.h">
      <Filter>Header Files</Filter>
    </ClInclude>
    <ClInclude Include="hCrypt.h">
      <Filter>Header Files</Filter>
    </ClInclude>
    <ClInclude Include="hCustomCam.h">
      <Filter>Header Files</Filter>
    </ClInclude>
    <ClInclude Include="hData.h">
      <Filter>Header Files</Filter>
    </ClInclude>
    <ClInclude Include="hDebug.h">
      <Filter>Header Files</Filter>
    </ClInclude>
    <ClInclude Include="hDefines.h">
      <Filter>Header Files</Filter>
    </ClInclude>
    <ClInclude Include="hDefineWarnings.h">
      <Filter>Header Files</Filter>
    </ClInclude>
    <ClInclude Include="hDetour.h">
      <Filter>Header Files</Filter>
    </ClInclude>
    <ClInclude Include="hDisplay.h">
      <Filter>Header Files</Filter>
    </ClInclude>
    <ClInclude Include="hEsp.h">
      <Filter>Header Files</Filter>
    </ClInclude>
    <ClInclude Include="hFunctions.h">
      <Filter>Header Files</Filter>
    </ClInclude>
    <ClInclude Include="hGMP.h">
      <Filter>Header Files</Filter>
    </ClInclude>
    <ClInclude Include="hLog.h">
      <Filter>Header Files</Filter>
    </ClInclude>
    <ClInclude Include="hMath.h">
      <Filter>Header Files</Filter>
    </ClInclude>
    <ClInclude Include="hNewCore.h">
      <Filter>Header Files</Filter>
    </ClInclude>
    <ClInclude Include="hObituary.h">
      <Filter>Header Files</Filter>
    </ClInclude>
    <ClInclude Include="hRadar.h">
      <Filter>Header Files</Filter>
    </ClInclude>
    <ClInclude Include="hRegistry.h">
      <Filter>Header Files</Filter>
    </ClInclude>
    <ClInclude Include="hTactics.h">
      <Filter>Header Files</Filter>
    </ClInclude>
    <ClInclude Include="hTypes.h">
      <Filter>Header Files</Filter>
    </ClInclude>
    <ClInclude Include="tron_user.h">
      <Filter>Header Files</Filter>
    </ClInclude>
    <ClInclude Include="Tzar.h">
      <Filter>Header Files</Filter>
    </ClInclude>
    <ClInclude Include="VMProtectSDK.h">
      <Filter>Header Files</Filter>
    </ClInclude>
    <ClInclude Include="xde.h">
      <Filter>Header Files</Filter>
    </ClInclude>
    <ClInclude Include="xdetbl.h">
      <Filter>Header Files</Filter>
    </ClInclude>
    <ClInclude Include="hSorbet.h">
      <Filter>Header Files</Filter>
    </ClInclude>
    <ClInclude Include="hPrediction.h">
      <Filter>Header Files</Filter>
    </ClInclude>
    <ClInclude Include="brg_endian.h">
      <Filter>Header Files</Filter>
    </ClInclude>
    <ClInclude Include="dbc.h">
      <Filter>Header Files</Filter>
    </ClInclude>
    <ClInclude Include="drng.h">
      <Filter>Header Files</Filter>
    </ClInclude>
    <ClInclude Include="dsc.h">
      <Filter>Header Files</Filter>
    </ClInclude>
    <ClInclude Include="KeccakF-1600-interface.h">
      <Filter>Header Files</Filter>
    </ClInclude>
    <ClInclude Include="KeccakF-1600-int-set.h">
      <Filter>Header Files</Filter>
    </ClInclude>
    <ClInclude Include="KeccakF-1600-opt32-settings.h">
      <Filter>Header Files</Filter>
    </ClInclude>
    <ClInclude Include="WELL44497a_new.h">
      <Filter>Header Files</Filter>
    </ClInclude>
    <ClInclude Include="d3d9int.h">
      <Filter>Source Files</Filter>
    </ClInclude>
    <ClInclude Include="d3d9tex.h">
      <Filter>Source Files</Filter>
    </ClInclude>
    <ClInclude Include="d3d9font.h">
      <Filter>Source Files</Filter>
    </ClInclude>
    <ClInclude Include="d3d9.h">
      <Filter>Source Files</Filter>
    </ClInclude>
    <ClInclude Include="d3d9dev.h">
      <Filter>Source Files</Filter>
    </ClInclude>
  </ItemGroup>
</Project>